
Microsoft Visual Studio Solution File, Format Version 12.00
# Visual Studio Version 17
VisualStudioVersion = 17.13.35825.156
MinimumVisualStudioVersion = 10.0.40219.1
Project("{FAE04EC0-301F-11D3-BF4B-00C04F79EFBC}") = "LoginVistas", "LoginVistas.csproj", "{CF9C9D8A-D0EB-47C8-AE73-30F32E358DF4}"
EndProject
Global
	GlobalSection(SolutionConfigurationPlatforms) = preSolution
		Debug|Any CPU = Debug|Any CPU
		Release|Any CPU = Release|Any CPU
	EndGlobalSection
	GlobalSection(ProjectConfigurationPlatforms) = postSolution
		{CF9C9D8A-D0EB-47C8-AE73-30F32E358DF4}.Debug|Any CPU.ActiveCfg = Debug|Any CPU
		{CF9C9D8A-D0EB-47C8-AE73-30F32E358DF4}.Debug|Any CPU.Build.0 = Debug|Any CPU
		{CF9C9D8A-D0EB-47C8-AE73-30F32E358DF4}.Release|Any CPU.ActiveCfg = Release|Any CPU
		{CF9C9D8A-D0EB-47C8-AE73-30F32E358DF4}.Release|Any CPU.Build.0 = Release|Any CPU
	EndGlobalSection
	GlobalSection(SolutionProperties) = preSolution
		HideSolutionNode = FALSE
	EndGlobalSection
	GlobalSection(ExtensibilityGlobals) = postSolution
		SolutionGuid = {19C8731A-0BBB-4B1C-929E-DD7822AE3549}
	EndGlobalSection
EndGlobal
